{
  "name": "principled-engineer",
  "version": "0.1.0",
  "lockfileVersion": 1,
  "requires": true,
  "dependencies": {
    "@types/dashify": {
      "version": "1.0.0",
      "resolved": "https://registry.npmjs.org/@types/dashify/-/dashify-1.0.0.tgz",
      "integrity": "sha512-uyYom3SM48jvowobcby+1z3r/sDX+5N8lAdPoNLKYMhF819pNjV6K5g8lAUGrwj80n+P7Qf10GcA9h7aIO2GJw=="
    },
    "@types/marked": {
      "version": "2.0.3",
      "resolved": "https://registry.npmjs.org/@types/marked/-/marked-2.0.3.tgz",
      "integrity": "sha512-lbhSN1rht/tQ+dSWxawCzGgTfxe9DB31iLgiT1ZVT5lshpam/nyOA1m3tKHRoNPctB2ukSL22JZI5Fr+WI/zYg=="
    },
    "@types/node": {
      "version": "15.3.0",
      "resolved": "https://registry.npmjs.org/@types/node/-/node-15.3.0.tgz",
      "integrity": "sha512-8/bnjSZD86ZfpBsDlCIkNXIvm+h6wi9g7IqL+kmFkQ+Wvu3JrasgLElfiPgoo8V8vVfnEi0QVS12gbl94h9YsQ=="
    },
    "@types/nunjucks": {
      "version": "3.1.4",
      "resolved": "https://registry.npmjs.org/@types/nunjucks/-/nunjucks-3.1.4.tgz",
      "integrity": "sha512-cR65PLlHKW/qxxj840dbNb3ICO+iAVQzaNKJ8TcKOVKFi+QcAkhw9SCY8VFAyU41SmJMs+2nrIN2JGhX+jYb7A=="
    },
    "@types/prismjs": {
      "version": "1.16.5",
      "resolved": "https://registry.npmjs.org/@types/prismjs/-/prismjs-1.16.5.tgz",
      "integrity": "sha512-nSU7U6FQDJJCraFNwaHmH5YDsd/VA9rTnJ7B7AGFdn+m+VSt3FjLWN7+AbqxZ67dbFazqtrDFUto3HK4ljrHIg=="
    },
    "a-sync-waterfall": {
      "version": "1.0.1",
      "resolved": "https://registry.npmjs.org/a-sync-waterfall/-/a-sync-waterfall-1.0.1.tgz",
      "integrity": "sha512-RYTOHHdWipFUliRFMCS4X2Yn2X8M87V/OpSqWzKKOGhzqyUxzyVmhHDH9sAvG+ZuQf/TAOFsLCpMw09I1ufUnA=="
    },
    "arg": {
      "version": "4.1.3",
      "resolved": "https://registry.npmjs.org/arg/-/arg-4.1.3.tgz",
      "integrity": "sha512-58S9QDqG0Xx27YwPSt9fJxivjYl432YCwfDMfZ+71RAqUrZef7LrKQZ3LHLOwCS4FLNBplP533Zx895SeOCHvA=="
    },
    "argparse": {
      "version": "1.0.10",
      "resolved": "https://registry.npmjs.org/argparse/-/argparse-1.0.10.tgz",
      "integrity": "sha512-o5Roy6tNG4SL/FOkCAN6RzjiakZS25RLYFrcMttJqbdd8BWrnA+fGz57iN5Pb06pvBGvl5gQ0B48dJlslXvoTg==",
      "requires": {
        "sprintf-js": "~1.0.2"
      }
    },
    "asap": {
      "version": "2.0.6",
      "resolved": "https://registry.npmjs.org/asap/-/asap-2.0.6.tgz",
      "integrity": "sha1-5QNHYR1+aQlDIIu9r+vLwvuGbUY="
    },
    "buffer-from": {
      "version": "1.1.1",
      "resolved": "https://registry.npmjs.org/buffer-from/-/buffer-from-1.1.1.tgz",
      "integrity": "sha512-MQcXEUbCKtEo7bhqEs6560Hyd4XaovZlO/k9V3hjVUF/zwW7KBVdSK4gIt/bzwS9MbR5qob+F5jusZsb0YQK2A=="
    },
    "clipboard": {
      "version": "2.0.8",
      "resolved": "https://registry.npmjs.org/clipboard/-/clipboard-2.0.8.tgz",
      "integrity": "sha512-Y6WO0unAIQp5bLmk1zdThRhgJt/x3ks6f30s3oE3H1mgIEU33XyQjEf8gsf6DxC7NPX8Y1SsNWjUjL/ywLnnbQ==",
      "optional": true,
      "requires": {
        "good-listener": "^1.2.2",
        "select": "^1.1.2",
        "tiny-emitter": "^2.0.0"
      }
    },
    "create-require": {
      "version": "1.1.1",
      "resolved": "https://registry.npmjs.org/create-require/-/create-require-1.1.1.tgz",
      "integrity": "sha512-dcKFX3jn0MpIaXjisoRvexIJVEKzaq7z2rZKxf+MSr9TkdmHmsU4m2lcLojrj/FHl8mk5VxMmYA+ftRkP/3oKQ=="
    },
    "dashify": {
      "version": "2.0.0",
      "resolved": "https://registry.npmjs.org/dashify/-/dashify-2.0.0.tgz",
      "integrity": "sha512-hpA5C/YrPjucXypHPPc0oJ1l9Hf6wWbiOL7Ik42cxnsUOhWiCB/fylKbKqqJalW9FgkNQCw16YO8uW9Hs0Iy1A=="
    },
    "delegate": {
      "version": "3.2.0",
      "resolved": "https://registry.npmjs.org/delegate/-/delegate-3.2.0.tgz",
      "integrity": "sha512-IofjkYBZaZivn0V8nnsMJGBr4jVLxHDheKSW88PyxS5QC4Vo9ZbZVvhzlSxY87fVq3STR6r+4cGepyHkcWOQSw==",
      "optional": true
    },
    "diff": {
      "version": "4.0.2",
      "resolved": "https://registry.npmjs.org/diff/-/diff-4.0.2.tgz",
      "integrity": "sha512-58lmxKSA4BNyLz+HHMUzlOEpg09FV+ev6ZMe3vJihgdxzgcwZ8VoEEPmALCZG9LmqfVoNMMKpttIYTVG6uDY7A=="
    },
    "esprima": {
      "version": "4.0.1",
      "resolved": "https://registry.npmjs.org/esprima/-/esprima-4.0.1.tgz",
      "integrity": "sha512-eGuFFw7Upda+g4p+QHvnW0RyTX/SVeJBDM/gCtMARO0cLuT2HcEKnTPvhjV6aGeqrCB/sbNop0Kszm0jsaWU4A=="
    },
    "extend-shallow": {
      "version": "2.0.1",
      "resolved": "https://registry.npmjs.org/extend-shallow/-/extend-shallow-2.0.1.tgz",
      "integrity": "sha1-Ua99YUrZqfYQ6huvu5idaxxWiQ8=",
      "requires": {
        "is-extendable": "^0.1.0"
      }
    },
    "good-listener": {
      "version": "1.2.2",
      "resolved": "https://registry.npmjs.org/good-listener/-/good-listener-1.2.2.tgz",
      "integrity": "sha1-1TswzfkxPf+33JoNR3CWqm0UXFA=",
      "optional": true,
      "requires": {
        "delegate": "^3.1.2"
      }
    },
    "gray-matter": {
      "version": "4.0.3",
      "resolved": "https://registry.npmjs.org/gray-matter/-/gray-matter-4.0.3.tgz",
      "integrity": "sha512-5v6yZd4JK3eMI3FqqCouswVqwugaA9r4dNZB1wwcmrD02QkV5H0y7XBQW8QwQqEaZY1pM9aqORSORhJRdNK44Q==",
      "requires": {
        "js-yaml": "^3.13.1",
        "kind-of": "^6.0.2",
        "section-matter": "^1.0.0",
        "strip-bom-string": "^1.0.0"
      }
    },
    "is-extendable": {
      "version": "0.1.1",
      "resolved": "https://registry.npmjs.org/is-extendable/-/is-extendable-0.1.1.tgz",
      "integrity": "sha1-YrEQ4omkcUGOPsNqYX1HLjAd/Ik="
    },
    "js-yaml": {
      "version": "3.14.1",
      "resolved": "https://registry.npmjs.org/js-yaml/-/js-yaml-3.14.1.tgz",
      "integrity": "sha512-okMH7OXXJ7YrN9Ok3/SXrnu4iX9yOk+25nqX4imS2npuvTYDmo/QEZoqwZkYaIDk3jVvBOTOIEgEhaLOynBS9g==",
      "requires": {
        "argparse": "^1.0.7",
        "esprima": "^4.0.0"
      }
    },
    "kind-of": {
      "version": "6.0.3",
      "resolved": "https://registry.npmjs.org/kind-of/-/kind-of-6.0.3.tgz",
      "integrity": "sha512-dcS1ul+9tmeD95T+x28/ehLgd9mENa3LsvDTtzm3vyBEO7RPptvAD+t44WVXaUjTBRcrpFeFlC8WCruUR456hw=="
    },
    "make-error": {
      "version": "1.3.6",
      "resolved": "https://registry.npmjs.org/make-error/-/make-error-1.3.6.tgz",
      "integrity": "sha512-s8UhlNe7vPKomQhC1qFelMokr/Sc3AgNbso3n74mVPA5LTZwkB9NlXf4XPamLxJE8h0gh73rM94xvwRT2CVInw=="
    },
    "marked": {
      "version": "2.0.5",
      "resolved": "https://registry.npmjs.org/marked/-/marked-2.0.5.tgz",
      "integrity": "sha512-yfCEUXmKhBPLOzEC7c+tc4XZdIeTdGoRCZakFMkCxodr7wDXqoapIME4wjcpBPJLNyUnKJ3e8rb8wlAgnLnaDw=="
    },
    "nunjucks": {
      "version": "3.2.3",
      "resolved": "https://registry.npmjs.org/nunjucks/-/nunjucks-3.2.3.tgz",
      "integrity": "sha512-psb6xjLj47+fE76JdZwskvwG4MYsQKXUtMsPh6U0YMvmyjRtKRFcxnlXGWglNybtNTNVmGdp94K62/+NjF5FDQ==",
      "requires": {
        "a-sync-waterfall": "^1.0.0",
        "asap": "^2.0.3",
        "commander": "^5.1.0"
      },
      "dependencies": {
        "commander": {
          "version": "5.1.0",
          "resolved": "https://registry.npmjs.org/commander/-/commander-5.1.0.tgz",
          "integrity": "sha512-P0CysNDQ7rtVw4QIQtm+MRxV66vKFSvlsQvGYXZWR3qFU0jlMKHZZZgw8e+8DSah4UDKMqnknRDQz+xuQXQ/Zg=="
        }
      }
    },
    "prismjs": {
      "version": "1.23.0",
      "resolved": "https://registry.npmjs.org/prismjs/-/prismjs-1.23.0.tgz",
      "integrity": "sha512-c29LVsqOaLbBHuIbsTxaKENh1N2EQBOHaWv7gkHN4dgRbxSREqDnDbtFJYdpPauS4YCplMSNCABQ6Eeor69bAA==",
      "requires": {
        "clipboard": "^2.0.0"
      }
    },
    "section-matter": {
      "version": "1.0.0",
      "resolved": "https://registry.npmjs.org/section-matter/-/section-matter-1.0.0.tgz",
      "integrity": "sha512-vfD3pmTzGpufjScBh50YHKzEu2lxBWhVEHsNGoEXmCmn2hKGfeNLYMzCJpe8cD7gqX7TJluOVpBkAequ6dgMmA==",
      "requires": {
        "extend-shallow": "^2.0.1",
        "kind-of": "^6.0.0"
      }
    },
    "select": {
      "version": "1.1.2",
      "resolved": "https://registry.npmjs.org/select/-/select-1.1.2.tgz",
      "integrity": "sha1-DnNQrN7ICxEIUoeG7B1EGNEbOW0=",
      "optional": true
    },
    "source-map": {
      "version": "0.6.1",
      "resolved": "https://registry.npmjs.org/source-map/-/source-map-0.6.1.tgz",
      "integrity": "sha512-UjgapumWlbMhkBgzT7Ykc5YXUT46F0iKu8SGXq0bcwP5dz/h0Plj6enJqjz1Zbq2l5WaqYnrVbwWOWMyF3F47g=="
    },
    "source-map-support": {
      "version": "0.5.19",
      "resolved": "https://registry.npmjs.org/source-map-support/-/source-map-support-0.5.19.tgz",
      "integrity": "sha512-Wonm7zOCIJzBGQdB+thsPar0kYuCIzYvxZwlBa87yi/Mdjv7Tip2cyVbLj5o0cFPN4EVkuTwb3GDDyUx2DGnGw==",
      "requires": {
        "buffer-from": "^1.0.0",
        "source-map": "^0.6.0"
      }
    },
    "sprintf-js": {
      "version": "1.0.3",
      "resolved": "https://registry.npmjs.org/sprintf-js/-/sprintf-js-1.0.3.tgz",
      "integrity": "sha1-BOaSb2YolTVPPdAVIDYzuFcpfiw="
    },
    "strip-bom-string": {
      "version": "1.0.0",
      "resolved": "https://registry.npmjs.org/strip-bom-string/-/strip-bom-string-1.0.0.tgz",
      "integrity": "sha1-5SEekiQ2n7uB1jOi8ABE3IztrZI="
    },
    "tiny-emitter": {
      "version": "2.1.0",
      "resolved": "https://registry.npmjs.org/tiny-emitter/-/tiny-emitter-2.1.0.tgz",
      "integrity": "sha512-NB6Dk1A9xgQPMoGqC5CVXn123gWyte215ONT5Pp5a0yt4nlEoO1ZWeCwpncaekPHXO60i47ihFnZPiRPjRMq4Q==",
      "optional": true
    },
    "ts-node": {
      "version": "9.1.1",
      "resolved": "https://registry.npmjs.org/ts-node/-/ts-node-9.1.1.tgz",
      "integrity": "sha512-hPlt7ZACERQGf03M253ytLY3dHbGNGrAq9qIHWUY9XHYl1z7wYngSr3OQ5xmui8o2AaxsONxIzjafLUiWBo1Fg==",
      "requires": {
        "arg": "^4.1.0",
        "create-require": "^1.1.0",
        "diff": "^4.0.1",
        "make-error": "^1.1.1",
        "source-map-support": "^0.5.17",
        "yn": "3.1.1"
      }
    },
    "typescript": {
      "version": "4.2.4",
      "resolved": "https://registry.npmjs.org/typescript/-/typescript-4.2.4.tgz",
      "integrity": "sha512-V+evlYHZnQkaz8TRBuxTA92yZBPotr5H+WhQ7bD3hZUndx5tGOa1fuCgeSjxAzM1RiN5IzvadIXTVefuuwZCRg=="
    },
    "yn": {
      "version": "3.1.1",
      "resolved": "https://registry.npmjs.org/yn/-/yn-3.1.1.tgz",
      "integrity": "sha512-Ux4ygGWsu2c7isFWe8Yu1YluJmqVhxqK2cLXNQA5AcC3QfbGNpM7fu0Y8b/z16pXLnFxZYvWhd3fhBY9DLmC6Q=="
    }
  }
}
